github.com/esacteksab/simpl v0.0.2 h1:YTAvxlv4TZDW5JmSL6qD2eoedzt7xlYconbIK5SaB9w=
github.com/esacteksab/simpl v0.0.2/go.mod h1:UyO6sHtfFRhoj7dLD8lAlBv1OXupumpkKO5jo3DqxAU=
github.com/esacteksab/simpl v0.1.0 h1:PlEf6FWmgcKXCDgUVPMAe7nDZDS38pRckjgSnv1OjKs=
github.com/esacteksab/simpl v0.1.0/go.mod h1:UyO6sHtfFRhoj7dLD8lAlBv1OXupumpkKO5jo3DqxAU=
